
Microsoft Visual Studio Solution File, Format Version 12.00
# Visual Studio Version 17
VisualStudioVersion = 17.9.34622.214
MinimumVisualStudioVersion = 10.0.40219.1
Project("{9A19103F-16F7-4668-BE54-9A1E7A4F7556}") = "GUI_SOF205", "GUI_SOF205.csproj", "{D6321632-6035-45B7-8A6B-091CF4473597}"
EndProject
Project("{9A19103F-16F7-4668-BE54-9A1E7A4F7556}") = "DAL_SOF205", "..\DAL_SOF205\DAL_SOF205.csproj", "{36E6E1EA-EB4B-4523-BE16-D8F4AE95CA03}"
EndProject
Project("{9A19103F-16F7-4668-BE54-9A1E7A4F7556}") = "DTO_SOF205", "..\DTO_SOF205\DTO_SOF205.csproj", "{10F30BDB-02C7-4BE4-9A6A-354E80097EAB}"
EndProject
Project("{9A19103F-16F7-4668-BE54-9A1E7A4F7556}") = "UTIL_SOF205", "..\UTIL_SOF205\UTIL_SOF205.csproj", "{8577E0C5-C182-426A-99A2-CBF049408D15}"
EndProject
Global
	GlobalSection(SolutionConfigurationPlatforms) = preSolution
		Debug|Any CPU = Debug|Any CPU
		Release|Any CPU = Release|Any CPU
	EndGlobalSection
	GlobalSection(ProjectConfigurationPlatforms) = postSolution
		{D6321632-6035-45B7-8A6B-091CF4473597}.Debug|Any CPU.ActiveCfg = Debug|Any CPU
		{D6321632-6035-45B7-8A6B-091CF4473597}.Debug|Any CPU.Build.0 = Debug|Any CPU
		{D6321632-6035-45B7-8A6B-091CF4473597}.Release|Any CPU.ActiveCfg = Release|Any CPU
		{D6321632-6035-45B7-8A6B-091CF4473597}.Release|Any CPU.Build.0 = Release|Any CPU
		{36E6E1EA-EB4B-4523-BE16-D8F4AE95CA03}.Debug|Any CPU.ActiveCfg = Debug|Any CPU
		{36E6E1EA-EB4B-4523-BE16-D8F4AE95CA03}.Debug|Any CPU.Build.0 = Debug|Any CPU
		{36E6E1EA-EB4B-4523-BE16-D8F4AE95CA03}.Release|Any CPU.ActiveCfg = Release|Any CPU
		{36E6E1EA-EB4B-4523-BE16-D8F4AE95CA03}.Release|Any CPU.Build.0 = Release|Any CPU
		{10F30BDB-02C7-4BE4-9A6A-354E80097EAB}.Debug|Any CPU.ActiveCfg = Debug|Any CPU
		{10F30BDB-02C7-4BE4-9A6A-354E80097EAB}.Debug|Any CPU.Build.0 = Debug|Any CPU
		{10F30BDB-02C7-4BE4-9A6A-354E80097EAB}.Release|Any CPU.ActiveCfg = Release|Any CPU
		{10F30BDB-02C7-4BE4-9A6A-354E80097EAB}.Release|Any CPU.Build.0 = Release|Any CPU
		{8577E0C5-C182-426A-99A2-CBF049408D15}.Debug|Any CPU.ActiveCfg = Debug|Any CPU
		{8577E0C5-C182-426A-99A2-CBF049408D15}.Debug|Any CPU.Build.0 = Debug|Any CPU
		{8577E0C5-C182-426A-99A2-CBF049408D15}.Release|Any CPU.ActiveCfg = Release|Any CPU
		{8577E0C5-C182-426A-99A2-CBF049408D15}.Release|Any CPU.Build.0 = Release|Any CPU
	EndGlobalSection
	GlobalSection(SolutionProperties) = preSolution
		HideSolutionNode = FALSE
	EndGlobalSection
	GlobalSection(ExtensibilityGlobals) = postSolution
		SolutionGuid = {ABE7F23A-96DC-492D-86B9-7A43E65022B2}
	EndGlobalSection
EndGlobal
